
Microsoft Visual Studio Solution File, Format Version 12.00
# Visual Studio 15
VisualStudioVersion = 15.0.26730.16
MinimumVisualStudioVersion = 10.0.40219.1
Project("{FAE04EC0-301F-11D3-BF4B-00C04F79EFBC}") = "04. Triangle of 55 Stars", "04. Triangle of 55 Stars\04. Triangle of 55 Stars.csproj", "{1C2AE8F8-883B-4B94-B21C-806354F61766}"
EndProject
Global
	GlobalSection(SolutionConfigurationPlatforms) = preSolution
		Debug|Any CPU = Debug|Any CPU
		Release|Any CPU = Release|Any CPU
	EndGlobalSection
	GlobalSection(ProjectConfigurationPlatforms) = postSolution
		{1C2AE8F8-883B-4B94-B21C-806354F61766}.Debug|Any CPU.ActiveCfg = Debug|Any CPU
		{1C2AE8F8-883B-4B94-B21C-806354F61766}.Debug|Any CPU.Build.0 = Debug|Any CPU
		{1C2AE8F8-883B-4B94-B21C-806354F61766}.Release|Any CPU.ActiveCfg = Release|Any CPU
		{1C2AE8F8-883B-4B94-B21C-806354F61766}.Release|Any CPU.Build.0 = Release|Any CPU
	EndGlobalSection
	GlobalSection(SolutionProperties) = preSolution
		HideSolutionNode = FALSE
	EndGlobalSection
	GlobalSection(ExtensibilityGlobals) = postSolution
		SolutionGuid = {4D4FAAA5-7DE9-47AD-BDE2-AFF7C61AB48B}
	EndGlobalSection
EndGlobal
