
Microsoft Visual Studio Solution File, Format Version 12.00
# Visual Studio 15
VisualStudioVersion = 15.0.26730.16
MinimumVisualStudioVersion = 10.0.40219.1
Project("{FAE04EC0-301F-11D3-BF4B-00C04F79EFBC}") = "03 Nums 0 to 20", "03 Nums 0 to 20\03 Nums 0 to 20.csproj", "{16778EFC-2416-4424-8690-5F8D4D97ECB0}"
EndProject
Global
	GlobalSection(SolutionConfigurationPlatforms) = preSolution
		Debug|Any CPU = Debug|Any CPU
		Release|Any CPU = Release|Any CPU
	EndGlobalSection
	GlobalSection(ProjectConfigurationPlatforms) = postSolution
		{16778EFC-2416-4424-8690-5F8D4D97ECB0}.Debug|Any CPU.ActiveCfg = Debug|Any CPU
		{16778EFC-2416-4424-8690-5F8D4D97ECB0}.Debug|Any CPU.Build.0 = Debug|Any CPU
		{16778EFC-2416-4424-8690-5F8D4D97ECB0}.Release|Any CPU.ActiveCfg = Release|Any CPU
		{16778EFC-2416-4424-8690-5F8D4D97ECB0}.Release|Any CPU.Build.0 = Release|Any CPU
	EndGlobalSection
	GlobalSection(SolutionProperties) = preSolution
		HideSolutionNode = FALSE
	EndGlobalSection
	GlobalSection(ExtensibilityGlobals) = postSolution
		SolutionGuid = {BE5746CE-36E8-4C1F-AD98-F83896F48DFD}
	EndGlobalSection
EndGlobal
