
Microsoft Visual Studio Solution File, Format Version 12.00
# Visual Studio 15
VisualStudioVersion = 15.0.27004.2009
MinimumVisualStudioVersion = 10.0.40219.1
Project("{FAE04EC0-301F-11D3-BF4B-00C04F79EFBC}") = "01. Blank Receipt", "01. Blank Receipt\01. Blank Receipt.csproj", "{36579BEC-BCE3-4C02-AA84-90ED2429D443}"
EndProject
Project("{FAE04EC0-301F-11D3-BF4B-00C04F79EFBC}") = "02. Sign of Integer Number", "02. Sign of Integer Number\02. Sign of Integer Number.csproj", "{680287F6-343F-4ACC-9F35-170B1081CFDF}"
EndProject
Project("{FAE04EC0-301F-11D3-BF4B-00C04F79EFBC}") = "03. Printing Triangle", "03. Printing Triangle\03. Printing Triangle.csproj", "{C5B2E277-06CF-4226-A4A8-A3A4901506A1}"
EndProject
Project("{FAE04EC0-301F-11D3-BF4B-00C04F79EFBC}") = "04. Draw a Filled Square", "04. Draw a Filled Square\04. Draw a Filled Square.csproj", "{577B45C7-1E88-41F4-9E2F-D18F23BBB7AB}"
EndProject
Project("{FAE04EC0-301F-11D3-BF4B-00C04F79EFBC}") = "05. Temperature Conversion", "05. Temperature Conversion\05. Temperature Conversion.csproj", "{41680FFF-773C-495D-B1A2-53B299BC33FA}"
EndProject
Project("{FAE04EC0-301F-11D3-BF4B-00C04F79EFBC}") = "06. Calculate Triangle Area", "06. Calculate Triangle Area\06. Calculate Triangle Area.csproj", "{73B177B5-7298-4779-8303-98AB882735FE}"
EndProject
Project("{FAE04EC0-301F-11D3-BF4B-00C04F79EFBC}") = "07. Math Power", "07. Math Power\07. Math Power.csproj", "{38718F90-7433-47C4-8E9F-B0EF197C614F}"
EndProject
Project("{FAE04EC0-301F-11D3-BF4B-00C04F79EFBC}") = "08. Greater of Two Values", "08. Greater of Two Values\08. Greater of Two Values.csproj", "{8DE19B33-6AEE-4748-B0EC-7A7A040D0F06}"
EndProject
Project("{FAE04EC0-301F-11D3-BF4B-00C04F79EFBC}") = "09. Multiply Evens by Odds", "09. Multiply Evens by Odds\09. Multiply Evens by Odds.csproj", "{6EBF043B-8BAB-4B4D-AF53-DCE644056A90}"
EndProject
Project("{FAE04EC0-301F-11D3-BF4B-00C04F79EFBC}") = "10. Holidays Between Two Dates", "10. Holidays Between Two Dates\10. Holidays Between Two Dates.csproj", "{923129B1-DF6A-4D3B-B8FF-778BDCB15AFD}"
EndProject
Project("{FAE04EC0-301F-11D3-BF4B-00C04F79EFBC}") = "11. Price Change Alert", "11. Price Change Alert\11. Price Change Alert.csproj", "{90A1E3FA-438B-4BFD-9422-BCE461B65880}"
EndProject
Global
	GlobalSection(SolutionConfigurationPlatforms) = preSolution
		Debug|Any CPU = Debug|Any CPU
		Release|Any CPU = Release|Any CPU
	EndGlobalSection
	GlobalSection(ProjectConfigurationPlatforms) = postSolution
		{36579BEC-BCE3-4C02-AA84-90ED2429D443}.Debug|Any CPU.ActiveCfg = Debug|Any CPU
		{36579BEC-BCE3-4C02-AA84-90ED2429D443}.Debug|Any CPU.Build.0 = Debug|Any CPU
		{36579BEC-BCE3-4C02-AA84-90ED2429D443}.Release|Any CPU.ActiveCfg = Release|Any CPU
		{36579BEC-BCE3-4C02-AA84-90ED2429D443}.Release|Any CPU.Build.0 = Release|Any CPU
		{680287F6-343F-4ACC-9F35-170B1081CFDF}.Debug|Any CPU.ActiveCfg = Debug|Any CPU
		{680287F6-343F-4ACC-9F35-170B1081CFDF}.Debug|Any CPU.Build.0 = Debug|Any CPU
		{680287F6-343F-4ACC-9F35-170B1081CFDF}.Release|Any CPU.ActiveCfg = Release|Any CPU
		{680287F6-343F-4ACC-9F35-170B1081CFDF}.Release|Any CPU.Build.0 = Release|Any CPU
		{C5B2E277-06CF-4226-A4A8-A3A4901506A1}.Debug|Any CPU.ActiveCfg = Debug|Any CPU
		{C5B2E277-06CF-4226-A4A8-A3A4901506A1}.Debug|Any CPU.Build.0 = Debug|Any CPU
		{C5B2E277-06CF-4226-A4A8-A3A4901506A1}.Release|Any CPU.ActiveCfg = Release|Any CPU
		{C5B2E277-06CF-4226-A4A8-A3A4901506A1}.Release|Any CPU.Build.0 = Release|Any CPU
		{577B45C7-1E88-41F4-9E2F-D18F23BBB7AB}.Debug|Any CPU.ActiveCfg = Debug|Any CPU
		{577B45C7-1E88-41F4-9E2F-D18F23BBB7AB}.Debug|Any CPU.Build.0 = Debug|Any CPU
		{577B45C7-1E88-41F4-9E2F-D18F23BBB7AB}.Release|Any CPU.ActiveCfg = Release|Any CPU
		{577B45C7-1E88-41F4-9E2F-D18F23BBB7AB}.Release|Any CPU.Build.0 = Release|Any CPU
		{41680FFF-773C-495D-B1A2-53B299BC33FA}.Debug|Any CPU.ActiveCfg = Debug|Any CPU
		{41680FFF-773C-495D-B1A2-53B299BC33FA}.Debug|Any CPU.Build.0 = Debug|Any CPU
		{41680FFF-773C-495D-B1A2-53B299BC33FA}.Release|Any CPU.ActiveCfg = Release|Any CPU
		{41680FFF-773C-495D-B1A2-53B299BC33FA}.Release|Any CPU.Build.0 = Release|Any CPU
		{73B177B5-7298-4779-8303-98AB882735FE}.Debug|Any CPU.ActiveCfg = Debug|Any CPU
		{73B177B5-7298-4779-8303-98AB882735FE}.Debug|Any CPU.Build.0 = Debug|Any CPU
		{73B177B5-7298-4779-8303-98AB882735FE}.Release|Any CPU.ActiveCfg = Release|Any CPU
		{73B177B5-7298-4779-8303-98AB882735FE}.Release|Any CPU.Build.0 = Release|Any CPU
		{38718F90-7433-47C4-8E9F-B0EF197C614F}.Debug|Any CPU.ActiveCfg = Debug|Any CPU
		{38718F90-7433-47C4-8E9F-B0EF197C614F}.Debug|Any CPU.Build.0 = Debug|Any CPU
		{38718F90-7433-47C4-8E9F-B0EF197C614F}.Release|Any CPU.ActiveCfg = Release|Any CPU
		{38718F90-7433-47C4-8E9F-B0EF197C614F}.Release|Any CPU.Build.0 = Release|Any CPU
		{8DE19B33-6AEE-4748-B0EC-7A7A040D0F06}.Debug|Any CPU.ActiveCfg = Debug|Any CPU
		{8DE19B33-6AEE-4748-B0EC-7A7A040D0F06}.Debug|Any CPU.Build.0 = Debug|Any CPU
		{8DE19B33-6AEE-4748-B0EC-7A7A040D0F06}.Release|Any CPU.ActiveCfg = Release|Any CPU
		{8DE19B33-6AEE-4748-B0EC-7A7A040D0F06}.Release|Any CPU.Build.0 = Release|Any CPU
		{6EBF043B-8BAB-4B4D-AF53-DCE644056A90}.Debug|Any CPU.ActiveCfg = Debug|Any CPU
		{6EBF043B-8BAB-4B4D-AF53-DCE644056A90}.Debug|Any CPU.Build.0 = Debug|Any CPU
		{6EBF043B-8BAB-4B4D-AF53-DCE644056A90}.Release|Any CPU.ActiveCfg = Release|Any CPU
		{6EBF043B-8BAB-4B4D-AF53-DCE644056A90}.Release|Any CPU.Build.0 = Release|Any CPU
		{923129B1-DF6A-4D3B-B8FF-778BDCB15AFD}.Debug|Any CPU.ActiveCfg = Debug|Any CPU
		{923129B1-DF6A-4D3B-B8FF-778BDCB15AFD}.Debug|Any CPU.Build.0 = Debug|Any CPU
		{923129B1-DF6A-4D3B-B8FF-778BDCB15AFD}.Release|Any CPU.ActiveCfg = Release|Any CPU
		{923129B1-DF6A-4D3B-B8FF-778BDCB15AFD}.Release|Any CPU.Build.0 = Release|Any CPU
		{90A1E3FA-438B-4BFD-9422-BCE461B65880}.Debug|Any CPU.ActiveCfg = Debug|Any CPU
		{90A1E3FA-438B-4BFD-9422-BCE461B65880}.Debug|Any CPU.Build.0 = Debug|Any CPU
		{90A1E3FA-438B-4BFD-9422-BCE461B65880}.Release|Any CPU.ActiveCfg = Release|Any CPU
		{90A1E3FA-438B-4BFD-9422-BCE461B65880}.Release|Any CPU.Build.0 = Release|Any CPU
	EndGlobalSection
	GlobalSection(SolutionProperties) = preSolution
		HideSolutionNode = FALSE
	EndGlobalSection
	GlobalSection(ExtensibilityGlobals) = postSolution
		SolutionGuid = {CCB070AC-BAA0-4603-B1C3-9368BAA0F732}
	EndGlobalSection
EndGlobal
