
Microsoft Visual Studio Solution File, Format Version 12.00
# Visual Studio 15
VisualStudioVersion = 15.0.27004.2010
MinimumVisualStudioVersion = 10.0.40219.1
Project("{FAE04EC0-301F-11D3-BF4B-00C04F79EFBC}") = "01. Largest Common End", "01. Largest Common End\01. Largest Common End.csproj", "{B5FFF7DE-B7DA-43BC-99B8-B7BA54631BA4}"
EndProject
Project("{FAE04EC0-301F-11D3-BF4B-00C04F79EFBC}") = "02. Rotate and Sum", "02. Rotate and Sum\02. Rotate and Sum.csproj", "{987BD90E-013B-496E-957B-71A2C45AD396}"
EndProject
Project("{FAE04EC0-301F-11D3-BF4B-00C04F79EFBC}") = "03. Fold and Sum", "03. Fold and Sum\03. Fold and Sum.csproj", "{76AA1203-A12D-43C0-B411-83B1BB34716B}"
EndProject
Project("{FAE04EC0-301F-11D3-BF4B-00C04F79EFBC}") = "04. Sieve of Eratosthenes", "04. Sieve of Eratosthenes\04. Sieve of Eratosthenes.csproj", "{A2E30056-410E-4A7D-9F13-A9F73E6F406C}"
EndProject
Project("{FAE04EC0-301F-11D3-BF4B-00C04F79EFBC}") = "05. Compare Char Arrays", "05. Compare Char Arrays\05. Compare Char Arrays.csproj", "{5A066734-53AD-4ECB-A5C5-FD56033C8A56}"
EndProject
Project("{FAE04EC0-301F-11D3-BF4B-00C04F79EFBC}") = "06. Max Sequence of Equal Elements", "06. Max Sequence of Equal Elements\06. Max Sequence of Equal Elements.csproj", "{D2AFE98D-3ACF-432D-9EC1-EB9B1662FF32}"
EndProject
Project("{FAE04EC0-301F-11D3-BF4B-00C04F79EFBC}") = "07. Max Sequence of Increasing Elements", "07. Max Sequence of Increasing Elements\07. Max Sequence of Increasing Elements.csproj", "{58DDFC1C-F8E7-426D-94E4-9B83668F01C0}"
EndProject
Project("{FAE04EC0-301F-11D3-BF4B-00C04F79EFBC}") = "08. Most Frequent Number", "08. Most Frequent Number\08. Most Frequent Number.csproj", "{818203DE-7854-4E11-97A2-E35657749E2C}"
EndProject
Project("{FAE04EC0-301F-11D3-BF4B-00C04F79EFBC}") = "09. Index of Letters", "09. Index of Letters\09. Index of Letters.csproj", "{BCEF8030-F039-4620-B73D-A532C885F9AD}"
EndProject
Project("{FAE04EC0-301F-11D3-BF4B-00C04F79EFBC}") = "10. Pairs by Difference", "10. Pairs by Difference\10. Pairs by Difference.csproj", "{12B03E52-05EF-4F68-A819-C701BC64DF33}"
EndProject
Project("{FAE04EC0-301F-11D3-BF4B-00C04F79EFBC}") = "11. Equal Sums", "11. Equal Sums\11. Equal Sums.csproj", "{6B73B525-5261-44BA-BAAA-554F1728124F}"
EndProject
Global
	GlobalSection(SolutionConfigurationPlatforms) = preSolution
		Debug|Any CPU = Debug|Any CPU
		Release|Any CPU = Release|Any CPU
	EndGlobalSection
	GlobalSection(ProjectConfigurationPlatforms) = postSolution
		{B5FFF7DE-B7DA-43BC-99B8-B7BA54631BA4}.Debug|Any CPU.ActiveCfg = Debug|Any CPU
		{B5FFF7DE-B7DA-43BC-99B8-B7BA54631BA4}.Debug|Any CPU.Build.0 = Debug|Any CPU
		{B5FFF7DE-B7DA-43BC-99B8-B7BA54631BA4}.Release|Any CPU.ActiveCfg = Release|Any CPU
		{B5FFF7DE-B7DA-43BC-99B8-B7BA54631BA4}.Release|Any CPU.Build.0 = Release|Any CPU
		{987BD90E-013B-496E-957B-71A2C45AD396}.Debug|Any CPU.ActiveCfg = Debug|Any CPU
		{987BD90E-013B-496E-957B-71A2C45AD396}.Debug|Any CPU.Build.0 = Debug|Any CPU
		{987BD90E-013B-496E-957B-71A2C45AD396}.Release|Any CPU.ActiveCfg = Release|Any CPU
		{987BD90E-013B-496E-957B-71A2C45AD396}.Release|Any CPU.Build.0 = Release|Any CPU
		{76AA1203-A12D-43C0-B411-83B1BB34716B}.Debug|Any CPU.ActiveCfg = Debug|Any CPU
		{76AA1203-A12D-43C0-B411-83B1BB34716B}.Debug|Any CPU.Build.0 = Debug|Any CPU
		{76AA1203-A12D-43C0-B411-83B1BB34716B}.Release|Any CPU.ActiveCfg = Release|Any CPU
		{76AA1203-A12D-43C0-B411-83B1BB34716B}.Release|Any CPU.Build.0 = Release|Any CPU
		{A2E30056-410E-4A7D-9F13-A9F73E6F406C}.Debug|Any CPU.ActiveCfg = Debug|Any CPU
		{A2E30056-410E-4A7D-9F13-A9F73E6F406C}.Debug|Any CPU.Build.0 = Debug|Any CPU
		{A2E30056-410E-4A7D-9F13-A9F73E6F406C}.Release|Any CPU.ActiveCfg = Release|Any CPU
		{A2E30056-410E-4A7D-9F13-A9F73E6F406C}.Release|Any CPU.Build.0 = Release|Any CPU
		{5A066734-53AD-4ECB-A5C5-FD56033C8A56}.Debug|Any CPU.ActiveCfg = Debug|Any CPU
		{5A066734-53AD-4ECB-A5C5-FD56033C8A56}.Debug|Any CPU.Build.0 = Debug|Any CPU
		{5A066734-53AD-4ECB-A5C5-FD56033C8A56}.Release|Any CPU.ActiveCfg = Release|Any CPU
		{5A066734-53AD-4ECB-A5C5-FD56033C8A56}.Release|Any CPU.Build.0 = Release|Any CPU
		{D2AFE98D-3ACF-432D-9EC1-EB9B1662FF32}.Debug|Any CPU.ActiveCfg = Debug|Any CPU
		{D2AFE98D-3ACF-432D-9EC1-EB9B1662FF32}.Debug|Any CPU.Build.0 = Debug|Any CPU
		{D2AFE98D-3ACF-432D-9EC1-EB9B1662FF32}.Release|Any CPU.ActiveCfg = Release|Any CPU
		{D2AFE98D-3ACF-432D-9EC1-EB9B1662FF32}.Release|Any CPU.Build.0 = Release|Any CPU
		{58DDFC1C-F8E7-426D-94E4-9B83668F01C0}.Debug|Any CPU.ActiveCfg = Debug|Any CPU
		{58DDFC1C-F8E7-426D-94E4-9B83668F01C0}.Debug|Any CPU.Build.0 = Debug|Any CPU
		{58DDFC1C-F8E7-426D-94E4-9B83668F01C0}.Release|Any CPU.ActiveCfg = Release|Any CPU
		{58DDFC1C-F8E7-426D-94E4-9B83668F01C0}.Release|Any CPU.Build.0 = Release|Any CPU
		{818203DE-7854-4E11-97A2-E35657749E2C}.Debug|Any CPU.ActiveCfg = Debug|Any CPU
		{818203DE-7854-4E11-97A2-E35657749E2C}.Debug|Any CPU.Build.0 = Debug|Any CPU
		{818203DE-7854-4E11-97A2-E35657749E2C}.Release|Any CPU.ActiveCfg = Release|Any CPU
		{818203DE-7854-4E11-97A2-E35657749E2C}.Release|Any CPU.Build.0 = Release|Any CPU
		{BCEF8030-F039-4620-B73D-A532C885F9AD}.Debug|Any CPU.ActiveCfg = Debug|Any CPU
		{BCEF8030-F039-4620-B73D-A532C885F9AD}.Debug|Any CPU.Build.0 = Debug|Any CPU
		{BCEF8030-F039-4620-B73D-A532C885F9AD}.Release|Any CPU.ActiveCfg = Release|Any CPU
		{BCEF8030-F039-4620-B73D-A532C885F9AD}.Release|Any CPU.Build.0 = Release|Any CPU
		{12B03E52-05EF-4F68-A819-C701BC64DF33}.Debug|Any CPU.ActiveCfg = Debug|Any CPU
		{12B03E52-05EF-4F68-A819-C701BC64DF33}.Debug|Any CPU.Build.0 = Debug|Any CPU
		{12B03E52-05EF-4F68-A819-C701BC64DF33}.Release|Any CPU.ActiveCfg = Release|Any CPU
		{12B03E52-05EF-4F68-A819-C701BC64DF33}.Release|Any CPU.Build.0 = Release|Any CPU
		{6B73B525-5261-44BA-BAAA-554F1728124F}.Debug|Any CPU.ActiveCfg = Debug|Any CPU
		{6B73B525-5261-44BA-BAAA-554F1728124F}.Debug|Any CPU.Build.0 = Debug|Any CPU
		{6B73B525-5261-44BA-BAAA-554F1728124F}.Release|Any CPU.ActiveCfg = Release|Any CPU
		{6B73B525-5261-44BA-BAAA-554F1728124F}.Release|Any CPU.Build.0 = Release|Any CPU
	EndGlobalSection
	GlobalSection(SolutionProperties) = preSolution
		HideSolutionNode = FALSE
	EndGlobalSection
	GlobalSection(ExtensibilityGlobals) = postSolution
		SolutionGuid = {3ACE89E7-5FFF-498D-9BFB-42839A3DF386}
	EndGlobalSection
EndGlobal
